<Solution>
  <Configurations>
    <Platform Name="Any CPU" />
    <Platform Name="x64" />
    <Platform Name="x86" />
  </Configurations>
  <Folder Name="/Tests/">
    <Project Path="McComms.Core.Tests/McComms.Core.Tests.csproj" />
  </Folder>
  <Project Path="McComms.Core/McComms.Core.csproj" />
  <Project Path="McComms.gRPC/McComms.gRPC.csproj" />
  <Project Path="McComms.Sockets/McComms.Sockets.csproj" />
</Solution>
