Microsoft Visual Studio Solution File, Format Version 12.00
# Visual Studio Version 17
VisualStudioVersion = 17.0.31903.59
MinimumVisualStudioVersion = 10.0.40219.1
Project("{FAE04EC0-301F-11D3-BF4B-00C04F79EFBC}") = "McComms.Core", "McComms.Core\McComms.Core.csproj", "{51DF7C7E-F464-4E63-B6D2-C780AE9297B0}"
EndProject
Project("{FAE04EC0-301F-11D3-BF4B-00C04F79EFBC}") = "McComms.gRPC", "McComms.gRPC\McComms.gRPC.csproj", "{F74A17A3-A8DB-48B9-8A8A-8135AF7A09AE}"
EndProject
Project("{FAE04EC0-301F-11D3-BF4B-00C04F79EFBC}") = "McComms.Sockets", "McComms.Sockets\McComms.Sockets.csproj", "{668E31F0-BFAF-407B-A7AD-927FF452463E}"
EndProject
Project("{FAE04EC0-301F-11D3-BF4B-00C04F79EFBC}") = "McComms.Core.Tests", "McComms.Core.Tests\McComms.Core.Tests.csproj", "{32FC12F0-1BCB-4890-A8C3-4B1F6FE17B6F}"
EndProject
Project("{2150E333-8FDC-42A3-9474-1A3956D46DE8}") = "Tests", "Tests", "{0AB3BF05-4346-4AA6-1389-037BE0695223}"
EndProject
Global
	GlobalSection(SolutionConfigurationPlatforms) = preSolution
		Debug|Any CPU = Debug|Any CPU
		Debug|x64 = Debug|x64
		Debug|x86 = Debug|x86
		Release|Any CPU = Release|Any CPU
		Release|x64 = Release|x64
		Release|x86 = Release|x86
	EndGlobalSection
	GlobalSection(ProjectConfigurationPlatforms) = postSolution
		{51DF7C7E-F464-4E63-B6D2-C780AE9297B0}.Debug|Any CPU.ActiveCfg = Debug|Any CPU
		{51DF7C7E-F464-4E63-B6D2-C780AE9297B0}.Debug|Any CPU.Build.0 = Debug|Any CPU
		{51DF7C7E-F464-4E63-B6D2-C780AE9297B0}.Debug|x64.ActiveCfg = Debug|Any CPU
		{51DF7C7E-F464-4E63-B6D2-C780AE9297B0}.Debug|x64.Build.0 = Debug|Any CPU
		{51DF7C7E-F464-4E63-B6D2-C780AE9297B0}.Debug|x86.ActiveCfg = Debug|Any CPU
		{51DF7C7E-F464-4E63-B6D2-C780AE9297B0}.Debug|x86.Build.0 = Debug|Any CPU
		{51DF7C7E-F464-4E63-B6D2-C780AE9297B0}.Release|Any CPU.ActiveCfg = Release|Any CPU
		{51DF7C7E-F464-4E63-B6D2-C780AE9297B0}.Release|Any CPU.Build.0 = Release|Any CPU
		{51DF7C7E-F464-4E63-B6D2-C780AE9297B0}.Release|x64.ActiveCfg = Release|Any CPU
		{51DF7C7E-F464-4E63-B6D2-C780AE9297B0}.Release|x64.Build.0 = Release|Any CPU
		{51DF7C7E-F464-4E63-B6D2-C780AE9297B0}.Release|x86.ActiveCfg = Release|Any CPU
		{51DF7C7E-F464-4E63-B6D2-C780AE9297B0}.Release|x86.Build.0 = Release|Any CPU
		{F74A17A3-A8DB-48B9-8A8A-8135AF7A09AE}.Debug|Any CPU.ActiveCfg = Debug|Any CPU
		{F74A17A3-A8DB-48B9-8A8A-8135AF7A09AE}.Debug|Any CPU.Build.0 = Debug|Any CPU
		{F74A17A3-A8DB-48B9-8A8A-8135AF7A09AE}.Debug|x64.ActiveCfg = Debug|Any CPU
		{F74A17A3-A8DB-48B9-8A8A-8135AF7A09AE}.Debug|x64.Build.0 = Debug|Any CPU
		{F74A17A3-A8DB-48B9-8A8A-8135AF7A09AE}.Debug|x86.ActiveCfg = Debug|Any CPU
		{F74A17A3-A8DB-48B9-8A8A-8135AF7A09AE}.Debug|x86.Build.0 = Debug|Any CPU
		{F74A17A3-A8DB-48B9-8A8A-8135AF7A09AE}.Release|Any CPU.ActiveCfg = Release|Any CPU
		{F74A17A3-A8DB-48B9-8A8A-8135AF7A09AE}.Release|Any CPU.Build.0 = Release|Any CPU
		{F74A17A3-A8DB-48B9-8A8A-8135AF7A09AE}.Release|x64.ActiveCfg = Release|Any CPU
		{F74A17A3-A8DB-48B9-8A8A-8135AF7A09AE}.Release|x64.Build.0 = Release|Any CPU
		{F74A17A3-A8DB-48B9-8A8A-8135AF7A09AE}.Release|x86.ActiveCfg = Release|Any CPU
		{F74A17A3-A8DB-48B9-8A8A-8135AF7A09AE}.Release|x86.Build.0 = Release|Any CPU
		{668E31F0-BFAF-407B-A7AD-927FF452463E}.Debug|Any CPU.ActiveCfg = Debug|Any CPU
		{668E31F0-BFAF-407B-A7AD-927FF452463E}.Debug|Any CPU.Build.0 = Debug|Any CPU
		{668E31F0-BFAF-407B-A7AD-927FF452463E}.Debug|x64.ActiveCfg = Debug|Any CPU
		{668E31F0-BFAF-407B-A7AD-927FF452463E}.Debug|x64.Build.0 = Debug|Any CPU
		{668E31F0-BFAF-407B-A7AD-927FF452463E}.Debug|x86.ActiveCfg = Debug|Any CPU
		{668E31F0-BFAF-407B-A7AD-927FF452463E}.Debug|x86.Build.0 = Debug|Any CPU
		{668E31F0-BFAF-407B-A7AD-927FF452463E}.Release|Any CPU.ActiveCfg = Release|Any CPU
		{668E31F0-BFAF-407B-A7AD-927FF452463E}.Release|Any CPU.Build.0 = Release|Any CPU
		{668E31F0-BFAF-407B-A7AD-927FF452463E}.Release|x64.ActiveCfg = Release|Any CPU
		{668E31F0-BFAF-407B-A7AD-927FF452463E}.Release|x64.Build.0 = Release|Any CPU
		{668E31F0-BFAF-407B-A7AD-927FF452463E}.Release|x86.ActiveCfg = Release|Any CPU
		{668E31F0-BFAF-407B-A7AD-927FF452463E}.Release|x86.Build.0 = Release|Any CPU
		{32FC12F0-1BCB-4890-A8C3-4B1F6FE17B6F}.Debug|Any CPU.ActiveCfg = Debug|Any CPU
		{32FC12F0-1BCB-4890-A8C3-4B1F6FE17B6F}.Debug|Any CPU.Build.0 = Debug|Any CPU
		{32FC12F0-1BCB-4890-A8C3-4B1F6FE17B6F}.Debug|x64.ActiveCfg = Debug|Any CPU
		{32FC12F0-1BCB-4890-A8C3-4B1F6FE17B6F}.Debug|x64.Build.0 = Debug|Any CPU
		{32FC12F0-1BCB-4890-A8C3-4B1F6FE17B6F}.Debug|x86.ActiveCfg = Debug|Any CPU
		{32FC12F0-1BCB-4890-A8C3-4B1F6FE17B6F}.Debug|x86.Build.0 = Debug|Any CPU
		{32FC12F0-1BCB-4890-A8C3-4B1F6FE17B6F}.Release|Any CPU.ActiveCfg = Release|Any CPU
		{32FC12F0-1BCB-4890-A8C3-4B1F6FE17B6F}.Release|Any CPU.Build.0 = Release|Any CPU
		{32FC12F0-1BCB-4890-A8C3-4B1F6FE17B6F}.Release|x64.ActiveCfg = Release|Any CPU
		{32FC12F0-1BCB-4890-A8C3-4B1F6FE17B6F}.Release|x64.Build.0 = Release|Any CPU
		{32FC12F0-1BCB-4890-A8C3-4B1F6FE17B6F}.Release|x86.ActiveCfg = Release|Any CPU
		{32FC12F0-1BCB-4890-A8C3-4B1F6FE17B6F}.Release|x86.Build.0 = Release|Any CPU
	EndGlobalSection
	GlobalSection(SolutionProperties) = preSolution
		HideSolutionNode = FALSE
	EndGlobalSection
	GlobalSection(NestedProjects) = preSolution
		{32FC12F0-1BCB-4890-A8C3-4B1F6FE17B6F} = {0AB3BF05-4346-4AA6-1389-037BE0695223}
	EndGlobalSection
EndGlobal
